
Microsoft Visual Studio Solution File, Format Version 12.00
# Visual Studio Version 17
VisualStudioVersion = 17.13.35931.197 d17.13
MinimumVisualStudioVersion = 10.0.40219.1
Project("{FAE04EC0-301F-11D3-BF4B-00C04F79EFBC}") = "Webefinity.Content.FileIndex.Tests", "Webefinity.Content.FileIndex.Tests.csproj", "{3823D2AE-6849-4DD5-B4B5-AB685436A9C6}"
EndProject
Project("{FAE04EC0-301F-11D3-BF4B-00C04F79EFBC}") = "Webefinity.Content.FileIndex", "..\Webefinity.Content.FileIndex\Webefinity.Content.FileIndex.csproj", "{4932251A-78B6-46B4-9DA9-8818F64BF254}"
EndProject
Project("{FAE04EC0-301F-11D3-BF4B-00C04F79EFBC}") = "Webefinity.ContentRoot", "..\..\..\..\webefinity-cryptjson\lib\webefinity-lib\Webefinity.ContentRoot\Webefinity.ContentRoot.csproj", "{EFBC46F6-9212-19EE-5623-885057F91FAA}"
EndProject
Project("{FAE04EC0-301F-11D3-BF4B-00C04F79EFBC}") = "Webefinity.ContentRoot.Abstractions", "..\..\..\..\webefinity-cryptjson\lib\webefinity-lib\Webefinity.ContentRoot.Abstractions\Webefinity.ContentRoot.Abstractions.csproj", "{EF03EBBF-78D7-C255-F273-5087ADA8FC4C}"
EndProject
Project("{FAE04EC0-301F-11D3-BF4B-00C04F79EFBC}") = "Webefinity.Extensions", "..\..\..\..\webefinity-cryptjson\lib\webefinity-lib\Webefinity.Extensions\Webefinity.Extensions.csproj", "{DD711420-B5CC-ECD6-3948-218BF08F53C3}"
EndProject
Global
	GlobalSection(SolutionConfigurationPlatforms) = preSolution
		Debug|Any CPU = Debug|Any CPU
		Release|Any CPU = Release|Any CPU
	EndGlobalSection
	GlobalSection(ProjectConfigurationPlatforms) = postSolution
		{3823D2AE-6849-4DD5-B4B5-AB685436A9C6}.Debug|Any CPU.ActiveCfg = Debug|Any CPU
		{3823D2AE-6849-4DD5-B4B5-AB685436A9C6}.Debug|Any CPU.Build.0 = Debug|Any CPU
		{3823D2AE-6849-4DD5-B4B5-AB685436A9C6}.Release|Any CPU.ActiveCfg = Release|Any CPU
		{3823D2AE-6849-4DD5-B4B5-AB685436A9C6}.Release|Any CPU.Build.0 = Release|Any CPU
		{4932251A-78B6-46B4-9DA9-8818F64BF254}.Debug|Any CPU.ActiveCfg = Debug|Any CPU
		{4932251A-78B6-46B4-9DA9-8818F64BF254}.Debug|Any CPU.Build.0 = Debug|Any CPU
		{4932251A-78B6-46B4-9DA9-8818F64BF254}.Release|Any CPU.ActiveCfg = Release|Any CPU
		{4932251A-78B6-46B4-9DA9-8818F64BF254}.Release|Any CPU.Build.0 = Release|Any CPU
		{EFBC46F6-9212-19EE-5623-885057F91FAA}.Debug|Any CPU.ActiveCfg = Debug|Any CPU
		{EFBC46F6-9212-19EE-5623-885057F91FAA}.Debug|Any CPU.Build.0 = Debug|Any CPU
		{EFBC46F6-9212-19EE-5623-885057F91FAA}.Release|Any CPU.ActiveCfg = Release|Any CPU
		{EFBC46F6-9212-19EE-5623-885057F91FAA}.Release|Any CPU.Build.0 = Release|Any CPU
		{EF03EBBF-78D7-C255-F273-5087ADA8FC4C}.Debug|Any CPU.ActiveCfg = Debug|Any CPU
		{EF03EBBF-78D7-C255-F273-5087ADA8FC4C}.Debug|Any CPU.Build.0 = Debug|Any CPU
		{EF03EBBF-78D7-C255-F273-5087ADA8FC4C}.Release|Any CPU.ActiveCfg = Release|Any CPU
		{EF03EBBF-78D7-C255-F273-5087ADA8FC4C}.Release|Any CPU.Build.0 = Release|Any CPU
		{DD711420-B5CC-ECD6-3948-218BF08F53C3}.Debug|Any CPU.ActiveCfg = Debug|Any CPU
		{DD711420-B5CC-ECD6-3948-218BF08F53C3}.Debug|Any CPU.Build.0 = Debug|Any CPU
		{DD711420-B5CC-ECD6-3948-218BF08F53C3}.Release|Any CPU.ActiveCfg = Release|Any CPU
		{DD711420-B5CC-ECD6-3948-218BF08F53C3}.Release|Any CPU.Build.0 = Release|Any CPU
	EndGlobalSection
	GlobalSection(SolutionProperties) = preSolution
		HideSolutionNode = FALSE
	EndGlobalSection
	GlobalSection(ExtensibilityGlobals) = postSolution
		SolutionGuid = {CC44E5CA-9C98-48B0-94F0-5C3D0AFE4304}
	EndGlobalSection
EndGlobal
